<?xml version="1.0" encoding="utf-8"?>
<Project ToolsVersion="4.0" xmlns="http://schemas.microsoft.com/developer/msbuild/2003">
  <ItemGroup>
    <CustomBuild Include="..\..\CMakeFiles\608b9d942185fc3f294f154a503f508a\INSTALL_force.rule">
      <Filter>CMake Rules</Filter>
    </CustomBuild>
  </ItemGroup>
  <ItemGroup>
    <Filter Include="CMake Rules">
      <UniqueIdentifier>{B49E96A7-A033-4057-8DD3-E5B1C803EC4D}</UniqueIdentifier>
    </Filter>
  </ItemGroup>
</Project>
